
Microsoft Visual Studio Solution File, Format Version 12.00
# Visual Studio Version 16
VisualStudioVersion = 16.0.31729.503
MinimumVisualStudioVersion = 10.0.40219.1
Project("{FAE04EC0-301F-11D3-BF4B-00C04F79EFBC}") = "Problem1", "Problem1\Problem1.csproj", "{9BF7AB64-C1E0-4414-BFBF-1D4CAA677D77}"
EndProject
Project("{FAE04EC0-301F-11D3-BF4B-00C04F79EFBC}") = "Problem2", "Problem2\Problem2.csproj", "{F9B99518-EB47-4F96-B9A3-1C325FDBFFC8}"
EndProject
Global
	GlobalSection(SolutionConfigurationPlatforms) = preSolution
		Debug|Any CPU = Debug|Any CPU
		Release|Any CPU = Release|Any CPU
	EndGlobalSection
	GlobalSection(ProjectConfigurationPlatforms) = postSolution
		{9BF7AB64-C1E0-4414-BFBF-1D4CAA677D77}.Debug|Any CPU.ActiveCfg = Debug|Any CPU
		{9BF7AB64-C1E0-4414-BFBF-1D4CAA677D77}.Debug|Any CPU.Build.0 = Debug|Any CPU
		{9BF7AB64-C1E0-4414-BFBF-1D4CAA677D77}.Release|Any CPU.ActiveCfg = Release|Any CPU
		{9BF7AB64-C1E0-4414-BFBF-1D4CAA677D77}.Release|Any CPU.Build.0 = Release|Any CPU
		{F9B99518-EB47-4F96-B9A3-1C325FDBFFC8}.Debug|Any CPU.ActiveCfg = Debug|Any CPU
		{F9B99518-EB47-4F96-B9A3-1C325FDBFFC8}.Debug|Any CPU.Build.0 = Debug|Any CPU
		{F9B99518-EB47-4F96-B9A3-1C325FDBFFC8}.Release|Any CPU.ActiveCfg = Release|Any CPU
		{F9B99518-EB47-4F96-B9A3-1C325FDBFFC8}.Release|Any CPU.Build.0 = Release|Any CPU
	EndGlobalSection
	GlobalSection(SolutionProperties) = preSolution
		HideSolutionNode = FALSE
	EndGlobalSection
	GlobalSection(ExtensibilityGlobals) = postSolution
		SolutionGuid = {A1D28471-9253-440B-AC58-C729E9EAB6D9}
	EndGlobalSection
EndGlobal
