
Microsoft Visual Studio Solution File, Format Version 12.00
# Visual Studio Version 16
VisualStudioVersion = 16.0.31729.503
MinimumVisualStudioVersion = 10.0.40219.1
Project("{FAE04EC0-301F-11D3-BF4B-00C04F79EFBC}") = "Problem1", "Problem1\Problem1.csproj", "{9BF7AB64-C1E0-4414-BFBF-1D4CAA677D77}"
EndProject
Project("{9A19103F-16F7-4668-BE54-9A1E7A4F7556}") = "Problem2", "Problem2\Problem2.csproj", "{F9B99518-EB47-4F96-B9A3-1C325FDBFFC8}"
EndProject
Project("{9A19103F-16F7-4668-BE54-9A1E7A4F7556}") = "Problem3", "Problem3\Problem3.csproj", "{47598AD3-02ED-4E39-BA2B-B5BFB880108F}"
EndProject
Project("{9A19103F-16F7-4668-BE54-9A1E7A4F7556}") = "Methods", "Methods\Methods.csproj", "{4B22A9FD-1E17-4EA4-B14F-DC263E5C65B8}"
EndProject
Project("{9A19103F-16F7-4668-BE54-9A1E7A4F7556}") = "Problem4", "Problem4\Problem4.csproj", "{15D94029-9712-4C0D-B7D0-978E91FDDEF9}"
EndProject
Project("{FAE04EC0-301F-11D3-BF4B-00C04F79EFBC}") = "Problem5", "Problem5\Problem5.csproj", "{62FA2AEA-FF1B-479A-9257-E8D5264784D9}"
EndProject
Global
	GlobalSection(SolutionConfigurationPlatforms) = preSolution
		Debug|Any CPU = Debug|Any CPU
		Release|Any CPU = Release|Any CPU
	EndGlobalSection
	GlobalSection(ProjectConfigurationPlatforms) = postSolution
		{9BF7AB64-C1E0-4414-BFBF-1D4CAA677D77}.Debug|Any CPU.ActiveCfg = Debug|Any CPU
		{9BF7AB64-C1E0-4414-BFBF-1D4CAA677D77}.Debug|Any CPU.Build.0 = Debug|Any CPU
		{9BF7AB64-C1E0-4414-BFBF-1D4CAA677D77}.Release|Any CPU.ActiveCfg = Release|Any CPU
		{9BF7AB64-C1E0-4414-BFBF-1D4CAA677D77}.Release|Any CPU.Build.0 = Release|Any CPU
		{F9B99518-EB47-4F96-B9A3-1C325FDBFFC8}.Debug|Any CPU.ActiveCfg = Debug|Any CPU
		{F9B99518-EB47-4F96-B9A3-1C325FDBFFC8}.Debug|Any CPU.Build.0 = Debug|Any CPU
		{F9B99518-EB47-4F96-B9A3-1C325FDBFFC8}.Release|Any CPU.ActiveCfg = Release|Any CPU
		{F9B99518-EB47-4F96-B9A3-1C325FDBFFC8}.Release|Any CPU.Build.0 = Release|Any CPU
		{47598AD3-02ED-4E39-BA2B-B5BFB880108F}.Debug|Any CPU.ActiveCfg = Debug|Any CPU
		{47598AD3-02ED-4E39-BA2B-B5BFB880108F}.Debug|Any CPU.Build.0 = Debug|Any CPU
		{47598AD3-02ED-4E39-BA2B-B5BFB880108F}.Release|Any CPU.ActiveCfg = Release|Any CPU
		{47598AD3-02ED-4E39-BA2B-B5BFB880108F}.Release|Any CPU.Build.0 = Release|Any CPU
		{4B22A9FD-1E17-4EA4-B14F-DC263E5C65B8}.Debug|Any CPU.ActiveCfg = Debug|Any CPU
		{4B22A9FD-1E17-4EA4-B14F-DC263E5C65B8}.Debug|Any CPU.Build.0 = Debug|Any CPU
		{4B22A9FD-1E17-4EA4-B14F-DC263E5C65B8}.Release|Any CPU.ActiveCfg = Release|Any CPU
		{4B22A9FD-1E17-4EA4-B14F-DC263E5C65B8}.Release|Any CPU.Build.0 = Release|Any CPU
		{15D94029-9712-4C0D-B7D0-978E91FDDEF9}.Debug|Any CPU.ActiveCfg = Debug|Any CPU
		{15D94029-9712-4C0D-B7D0-978E91FDDEF9}.Debug|Any CPU.Build.0 = Debug|Any CPU
		{15D94029-9712-4C0D-B7D0-978E91FDDEF9}.Release|Any CPU.ActiveCfg = Release|Any CPU
		{15D94029-9712-4C0D-B7D0-978E91FDDEF9}.Release|Any CPU.Build.0 = Release|Any CPU
		{62FA2AEA-FF1B-479A-9257-E8D5264784D9}.Debug|Any CPU.ActiveCfg = Debug|Any CPU
		{62FA2AEA-FF1B-479A-9257-E8D5264784D9}.Debug|Any CPU.Build.0 = Debug|Any CPU
		{62FA2AEA-FF1B-479A-9257-E8D5264784D9}.Release|Any CPU.ActiveCfg = Release|Any CPU
		{62FA2AEA-FF1B-479A-9257-E8D5264784D9}.Release|Any CPU.Build.0 = Release|Any CPU
	EndGlobalSection
	GlobalSection(SolutionProperties) = preSolution
		HideSolutionNode = FALSE
	EndGlobalSection
	GlobalSection(ExtensibilityGlobals) = postSolution
		SolutionGuid = {A1D28471-9253-440B-AC58-C729E9EAB6D9}
	EndGlobalSection
EndGlobal
