
Microsoft Visual Studio Solution File, Format Version 12.00
# Visual Studio Version 16
VisualStudioVersion = 16.0.31729.503
MinimumVisualStudioVersion = 10.0.40219.1
Project("{FAE04EC0-301F-11D3-BF4B-00C04F79EFBC}") = "Problem001", "Problem1\Problem001.csproj", "{9BF7AB64-C1E0-4414-BFBF-1D4CAA677D77}"
EndProject
Project("{9A19103F-16F7-4668-BE54-9A1E7A4F7556}") = "Problem002", "Problem2\Problem002.csproj", "{F9B99518-EB47-4F96-B9A3-1C325FDBFFC8}"
EndProject
Project("{9A19103F-16F7-4668-BE54-9A1E7A4F7556}") = "Problem003", "Problem3\Problem003.csproj", "{47598AD3-02ED-4E39-BA2B-B5BFB880108F}"
EndProject
Project("{9A19103F-16F7-4668-BE54-9A1E7A4F7556}") = "Methods", "Methods\Methods.csproj", "{4B22A9FD-1E17-4EA4-B14F-DC263E5C65B8}"
EndProject
Project("{9A19103F-16F7-4668-BE54-9A1E7A4F7556}") = "Problem004", "Problem4\Problem004.csproj", "{15D94029-9712-4C0D-B7D0-978E91FDDEF9}"
EndProject
Project("{9A19103F-16F7-4668-BE54-9A1E7A4F7556}") = "Problem005", "Problem5\Problem005.csproj", "{62FA2AEA-FF1B-479A-9257-E8D5264784D9}"
EndProject
Project("{9A19103F-16F7-4668-BE54-9A1E7A4F7556}") = "Problem006", "Problem6\Problem006.csproj", "{EE172995-7869-42B3-984B-28D687E066BA}"
EndProject
Project("{9A19103F-16F7-4668-BE54-9A1E7A4F7556}") = "Problem007", "Problem7\Problem007.csproj", "{E10E8C40-083F-46A3-B69A-F36EE8BB88D3}"
EndProject
Project("{9A19103F-16F7-4668-BE54-9A1E7A4F7556}") = "Problem008", "Problem8\Problem008.csproj", "{20FBAEF2-6380-4F35-A00C-1B087184F908}"
EndProject
Project("{9A19103F-16F7-4668-BE54-9A1E7A4F7556}") = "Problem009", "Problem9\Problem009.csproj", "{6695AB3D-8377-453D-A412-CAA48636ADB7}"
EndProject
Project("{9A19103F-16F7-4668-BE54-9A1E7A4F7556}") = "Problem010", "Problem10\Problem010.csproj", "{9307D164-4B91-493F-893B-FA6BA75E1145}"
EndProject
Project("{9A19103F-16F7-4668-BE54-9A1E7A4F7556}") = "Problem011", "Problem011\Problem011.csproj", "{D3B2E244-5B20-4F85-A9C9-E9FE7F05C10C}"
EndProject
Project("{9A19103F-16F7-4668-BE54-9A1E7A4F7556}") = "Problem012", "Problem012\Problem012.csproj", "{92C0B51D-59A7-4DEE-9A16-99CEDEC15FCA}"
EndProject
Project("{FAE04EC0-301F-11D3-BF4B-00C04F79EFBC}") = "Problem013", "Problem013\Problem013.csproj", "{4A399DA9-076C-407A-9932-A338FA828DDA}"
EndProject
Project("{FAE04EC0-301F-11D3-BF4B-00C04F79EFBC}") = "Problem014", "Problem014\Problem014.csproj", "{F5C864C0-6881-4630-9B7F-7E016A28093F}"
EndProject
Global
	GlobalSection(SolutionConfigurationPlatforms) = preSolution
		Debug|Any CPU = Debug|Any CPU
		Release|Any CPU = Release|Any CPU
	EndGlobalSection
	GlobalSection(ProjectConfigurationPlatforms) = postSolution
		{9BF7AB64-C1E0-4414-BFBF-1D4CAA677D77}.Debug|Any CPU.ActiveCfg = Debug|Any CPU
		{9BF7AB64-C1E0-4414-BFBF-1D4CAA677D77}.Debug|Any CPU.Build.0 = Debug|Any CPU
		{9BF7AB64-C1E0-4414-BFBF-1D4CAA677D77}.Release|Any CPU.ActiveCfg = Release|Any CPU
		{9BF7AB64-C1E0-4414-BFBF-1D4CAA677D77}.Release|Any CPU.Build.0 = Release|Any CPU
		{F9B99518-EB47-4F96-B9A3-1C325FDBFFC8}.Debug|Any CPU.ActiveCfg = Debug|Any CPU
		{F9B99518-EB47-4F96-B9A3-1C325FDBFFC8}.Debug|Any CPU.Build.0 = Debug|Any CPU
		{F9B99518-EB47-4F96-B9A3-1C325FDBFFC8}.Release|Any CPU.ActiveCfg = Release|Any CPU
		{F9B99518-EB47-4F96-B9A3-1C325FDBFFC8}.Release|Any CPU.Build.0 = Release|Any CPU
		{47598AD3-02ED-4E39-BA2B-B5BFB880108F}.Debug|Any CPU.ActiveCfg = Debug|Any CPU
		{47598AD3-02ED-4E39-BA2B-B5BFB880108F}.Debug|Any CPU.Build.0 = Debug|Any CPU
		{47598AD3-02ED-4E39-BA2B-B5BFB880108F}.Release|Any CPU.ActiveCfg = Release|Any CPU
		{47598AD3-02ED-4E39-BA2B-B5BFB880108F}.Release|Any CPU.Build.0 = Release|Any CPU
		{4B22A9FD-1E17-4EA4-B14F-DC263E5C65B8}.Debug|Any CPU.ActiveCfg = Debug|Any CPU
		{4B22A9FD-1E17-4EA4-B14F-DC263E5C65B8}.Debug|Any CPU.Build.0 = Debug|Any CPU
		{4B22A9FD-1E17-4EA4-B14F-DC263E5C65B8}.Release|Any CPU.ActiveCfg = Release|Any CPU
		{4B22A9FD-1E17-4EA4-B14F-DC263E5C65B8}.Release|Any CPU.Build.0 = Release|Any CPU
		{15D94029-9712-4C0D-B7D0-978E91FDDEF9}.Debug|Any CPU.ActiveCfg = Debug|Any CPU
		{15D94029-9712-4C0D-B7D0-978E91FDDEF9}.Debug|Any CPU.Build.0 = Debug|Any CPU
		{15D94029-9712-4C0D-B7D0-978E91FDDEF9}.Release|Any CPU.ActiveCfg = Release|Any CPU
		{15D94029-9712-4C0D-B7D0-978E91FDDEF9}.Release|Any CPU.Build.0 = Release|Any CPU
		{62FA2AEA-FF1B-479A-9257-E8D5264784D9}.Debug|Any CPU.ActiveCfg = Debug|Any CPU
		{62FA2AEA-FF1B-479A-9257-E8D5264784D9}.Debug|Any CPU.Build.0 = Debug|Any CPU
		{62FA2AEA-FF1B-479A-9257-E8D5264784D9}.Release|Any CPU.ActiveCfg = Release|Any CPU
		{62FA2AEA-FF1B-479A-9257-E8D5264784D9}.Release|Any CPU.Build.0 = Release|Any CPU
		{EE172995-7869-42B3-984B-28D687E066BA}.Debug|Any CPU.ActiveCfg = Debug|Any CPU
		{EE172995-7869-42B3-984B-28D687E066BA}.Debug|Any CPU.Build.0 = Debug|Any CPU
		{EE172995-7869-42B3-984B-28D687E066BA}.Release|Any CPU.ActiveCfg = Release|Any CPU
		{EE172995-7869-42B3-984B-28D687E066BA}.Release|Any CPU.Build.0 = Release|Any CPU
		{E10E8C40-083F-46A3-B69A-F36EE8BB88D3}.Debug|Any CPU.ActiveCfg = Debug|Any CPU
		{E10E8C40-083F-46A3-B69A-F36EE8BB88D3}.Debug|Any CPU.Build.0 = Debug|Any CPU
		{E10E8C40-083F-46A3-B69A-F36EE8BB88D3}.Release|Any CPU.ActiveCfg = Release|Any CPU
		{E10E8C40-083F-46A3-B69A-F36EE8BB88D3}.Release|Any CPU.Build.0 = Release|Any CPU
		{20FBAEF2-6380-4F35-A00C-1B087184F908}.Debug|Any CPU.ActiveCfg = Debug|Any CPU
		{20FBAEF2-6380-4F35-A00C-1B087184F908}.Debug|Any CPU.Build.0 = Debug|Any CPU
		{20FBAEF2-6380-4F35-A00C-1B087184F908}.Release|Any CPU.ActiveCfg = Release|Any CPU
		{20FBAEF2-6380-4F35-A00C-1B087184F908}.Release|Any CPU.Build.0 = Release|Any CPU
		{6695AB3D-8377-453D-A412-CAA48636ADB7}.Debug|Any CPU.ActiveCfg = Debug|Any CPU
		{6695AB3D-8377-453D-A412-CAA48636ADB7}.Debug|Any CPU.Build.0 = Debug|Any CPU
		{6695AB3D-8377-453D-A412-CAA48636ADB7}.Release|Any CPU.ActiveCfg = Release|Any CPU
		{6695AB3D-8377-453D-A412-CAA48636ADB7}.Release|Any CPU.Build.0 = Release|Any CPU
		{9307D164-4B91-493F-893B-FA6BA75E1145}.Debug|Any CPU.ActiveCfg = Debug|Any CPU
		{9307D164-4B91-493F-893B-FA6BA75E1145}.Debug|Any CPU.Build.0 = Debug|Any CPU
		{9307D164-4B91-493F-893B-FA6BA75E1145}.Release|Any CPU.ActiveCfg = Release|Any CPU
		{9307D164-4B91-493F-893B-FA6BA75E1145}.Release|Any CPU.Build.0 = Release|Any CPU
		{D3B2E244-5B20-4F85-A9C9-E9FE7F05C10C}.Debug|Any CPU.ActiveCfg = Debug|Any CPU
		{D3B2E244-5B20-4F85-A9C9-E9FE7F05C10C}.Debug|Any CPU.Build.0 = Debug|Any CPU
		{D3B2E244-5B20-4F85-A9C9-E9FE7F05C10C}.Release|Any CPU.ActiveCfg = Release|Any CPU
		{D3B2E244-5B20-4F85-A9C9-E9FE7F05C10C}.Release|Any CPU.Build.0 = Release|Any CPU
		{92C0B51D-59A7-4DEE-9A16-99CEDEC15FCA}.Debug|Any CPU.ActiveCfg = Debug|Any CPU
		{92C0B51D-59A7-4DEE-9A16-99CEDEC15FCA}.Debug|Any CPU.Build.0 = Debug|Any CPU
		{92C0B51D-59A7-4DEE-9A16-99CEDEC15FCA}.Release|Any CPU.ActiveCfg = Release|Any CPU
		{92C0B51D-59A7-4DEE-9A16-99CEDEC15FCA}.Release|Any CPU.Build.0 = Release|Any CPU
		{4A399DA9-076C-407A-9932-A338FA828DDA}.Debug|Any CPU.ActiveCfg = Debug|Any CPU
		{4A399DA9-076C-407A-9932-A338FA828DDA}.Debug|Any CPU.Build.0 = Debug|Any CPU
		{4A399DA9-076C-407A-9932-A338FA828DDA}.Release|Any CPU.ActiveCfg = Release|Any CPU
		{4A399DA9-076C-407A-9932-A338FA828DDA}.Release|Any CPU.Build.0 = Release|Any CPU
		{F5C864C0-6881-4630-9B7F-7E016A28093F}.Debug|Any CPU.ActiveCfg = Debug|Any CPU
		{F5C864C0-6881-4630-9B7F-7E016A28093F}.Debug|Any CPU.Build.0 = Debug|Any CPU
		{F5C864C0-6881-4630-9B7F-7E016A28093F}.Release|Any CPU.ActiveCfg = Release|Any CPU
		{F5C864C0-6881-4630-9B7F-7E016A28093F}.Release|Any CPU.Build.0 = Release|Any CPU
	EndGlobalSection
	GlobalSection(SolutionProperties) = preSolution
		HideSolutionNode = FALSE
	EndGlobalSection
	GlobalSection(ExtensibilityGlobals) = postSolution
		SolutionGuid = {A1D28471-9253-440B-AC58-C729E9EAB6D9}
	EndGlobalSection
EndGlobal
